<?xml version="1.0" encoding="utf-8"?>
<Project ToolsVersion="4.0" xmlns="http://schemas.microsoft.com/developer/msbuild/2003">
  <ItemGroup>
    <Filter Include="Header Files">
      <UniqueIdentifier>{93995380-89BD-4b04-88EB-625FBE52EBFB}</UniqueIdentifier>
      <Extensions>h;hh;hpp;hxx;h++;hm;inl;inc;ipp;xsd</Extensions>
    </Filter>
    <Filter Include="Resource Files">
      <UniqueIdentifier>{67DA6AB6-F800-4c08-8B7A-83BB121AAD01}</UniqueIdentifier>
      <Extensions>rc;ico;cur;bmp;dlg;rc2;rct;bin;rgs;gif;jpg;jpeg;jpe;resx;tiff;tif;png;wav;mfcribbon-ms</Extensions>
    </Filter>
    <Filter Include="Shader">
      <UniqueIdentifier>{1c97140d-0b88-46b7-8192-b2ce185dd216}</UniqueIdentifier>
    </Filter>
    <Filter Include="Resource Files\Levels">
      <UniqueIdentifier>{b56c85e3-5b9c-4927-9471-d875812c08e4}</UniqueIdentifier>
    </Filter>
    <Filter Include="Header Files\Input">
      <UniqueIdentifier>{e63e6588-68c3-444b-84cb-368f741c88d6}</UniqueIdentifier>
    </Filter>
    <Filter Include="Header Files\Primitives">
      <UniqueIdentifier>{1261b103-8d5d-45c3-b5f1-8e8752aac52c}</UniqueIdentifier>
    </Filter>
    <Filter Include="Source Files">
      <UniqueIdentifier>{a9692c7e-4adf-4c6e-9ab9-c70357e68e61}</UniqueIdentifier>
    </Filter>
    <Filter Include="Header Files\Bindables">
      <UniqueIdentifier>{7519edbc-a905-4ff4-8e68-e16c8f532f9d}</UniqueIdentifier>
    </Filter>
    <Filter Include="Header Files\Utility">
      <UniqueIdentifier>{82cb88b7-41ae-41c7-9cf0-08bc684c039f}</UniqueIdentifier>
    </Filter>
    <Filter Include="Source Files\Bindables">
      <UniqueIdentifier>{bca5000e-e7fc-4f9a-87af-702713fcd16d}</UniqueIdentifier>
    </Filter>
    <Filter Include="Source Files\Input">
      <UniqueIdentifier>{46fe2e96-02f6-4eaa-af3d-31e04dcb8ca5}</UniqueIdentifier>
    </Filter>
    <Filter Include="Source Files\Primitives">
      <UniqueIdentifier>{d8065063-e14d-4fdf-a07f-df2b10f8e31b}</UniqueIdentifier>
    </Filter>
    <Filter Include="Source Files\Texure">
      <UniqueIdentifier>{465d18d8-9a71-4f22-940f-54e3bdf222e8}</UniqueIdentifier>
    </Filter>
    <Filter Include="Header Files\Texture">
      <UniqueIdentifier>{7da9b61b-bd08-48d3-a1d1-49aa0ee381dd}</UniqueIdentifier>
    </Filter>
    <Filter Include="Header Files\Window">
      <UniqueIdentifier>{ede1201a-4266-43b9-b83d-a5f23cbb86b5}</UniqueIdentifier>
    </Filter>
    <Filter Include="Source Files\Window">
      <UniqueIdentifier>{5aa464bc-df9a-4a59-86ca-1ec204f09cc7}</UniqueIdentifier>
    </Filter>
  </ItemGroup>
  <ItemGroup>
    <Text Include="Level_Map_1.txt">
      <Filter>Resource Files\Levels</Filter>
    </Text>
    <Text Include="Level_Map_2.txt">
      <Filter>Resource Files\Levels</Filter>
    </Text>
  </ItemGroup>
  <ItemGroup>
    <ClCompile Include="Game.cpp">
      <Filter>Source Files</Filter>
    </ClCompile>
    <ClCompile Include="Renderer.cpp">
      <Filter>Source Files</Filter>
    </ClCompile>
    <ClCompile Include="Timer.cpp">
      <Filter>Source Files</Filter>
    </ClCompile>
    <ClCompile Include="Window.cpp">
      <Filter>Source Files\Window</Filter>
    </ClCompile>
    <ClCompile Include="WinMain.cpp">
      <Filter>Source Files\Window</Filter>
    </ClCompile>
    <ClCompile Include="Keyboard.cpp">
      <Filter>Source Files\Input</Filter>
    </ClCompile>
    <ClCompile Include="Cube.cpp">
      <Filter>Source Files\Primitives</Filter>
    </ClCompile>
    <ClCompile Include="ConstantBuffer.cpp">
      <Filter>Source Files\Bindables</Filter>
    </ClCompile>
    <ClCompile Include="IndexBuffer.cpp">
      <Filter>Source Files\Bindables</Filter>
    </ClCompile>
    <ClCompile Include="PixelShader.cpp">
      <Filter>Source Files\Bindables</Filter>
    </ClCompile>
    <ClCompile Include="Texture.cpp">
      <Filter>Source Files\Bindables</Filter>
    </ClCompile>
    <ClCompile Include="TextureSampler.cpp">
      <Filter>Source Files\Bindables</Filter>
    </ClCompile>
    <ClCompile Include="Topology.cpp">
      <Filter>Source Files\Bindables</Filter>
    </ClCompile>
    <ClCompile Include="VertexBuffer.cpp">
      <Filter>Source Files\Bindables</Filter>
    </ClCompile>
    <ClCompile Include="VertexShader.cpp">
      <Filter>Source Files\Bindables</Filter>
    </ClCompile>
    <ClCompile Include="Enemy.cpp">
      <Filter>Source Files\Primitives</Filter>
    </ClCompile>
    <ClCompile Include="Plane.cpp">
      <Filter>Source Files\Primitives</Filter>
    </ClCompile>
    <ClCompile Include="TextureLoader.cpp">
      <Filter>Source Files\Texure</Filter>
    </ClCompile>
    <ClCompile Include="InputLayout.cpp">
      <Filter>Source Files\Bindables</Filter>
    </ClCompile>
  </ItemGroup>
  <ItemGroup>
    <ClInclude Include="Game.h">
      <Filter>Header Files</Filter>
    </ClInclude>
    <ClInclude Include="Renderer.h">
      <Filter>Header Files</Filter>
    </ClInclude>
    <ClInclude Include="Vertex.h">
      <Filter>Header Files</Filter>
    </ClInclude>
    <ClInclude Include="Constants.h">
      <Filter>Header Files\Utility</Filter>
    </ClInclude>
    <ClInclude Include="Timer.h">
      <Filter>Header Files</Filter>
    </ClInclude>
    <ClInclude Include="Window.h">
      <Filter>Header Files\Window</Filter>
    </ClInclude>
    <ClInclude Include="Keyboard.h">
      <Filter>Header Files\Input</Filter>
    </ClInclude>
    <ClInclude Include="Cube.h">
      <Filter>Header Files\Primitives</Filter>
    </ClInclude>
    <ClInclude Include="BindableHeaders.h">
      <Filter>Header Files\Bindables</Filter>
    </ClInclude>
    <ClInclude Include="ConstantBuffer.h">
      <Filter>Header Files\Bindables</Filter>
    </ClInclude>
    <ClInclude Include="IndexBuffer.h">
      <Filter>Header Files\Bindables</Filter>
    </ClInclude>
    <ClInclude Include="PixelShader.h">
      <Filter>Header Files\Bindables</Filter>
    </ClInclude>
    <ClInclude Include="Texture.h">
      <Filter>Header Files\Bindables</Filter>
    </ClInclude>
    <ClInclude Include="TextureSampler.h">
      <Filter>Header Files\Bindables</Filter>
    </ClInclude>
    <ClInclude Include="Topology.h">
      <Filter>Header Files\Bindables</Filter>
    </ClInclude>
    <ClInclude Include="VertexBuffer.h">
      <Filter>Header Files\Bindables</Filter>
    </ClInclude>
    <ClInclude Include="VertexShader.h">
      <Filter>Header Files\Bindables</Filter>
    </ClInclude>
    <ClInclude Include="Enemy.h">
      <Filter>Header Files\Primitives</Filter>
    </ClInclude>
    <ClInclude Include="Plane.h">
      <Filter>Header Files\Primitives</Filter>
    </ClInclude>
    <ClInclude Include="TextureLoader.h">
      <Filter>Header Files\Texture</Filter>
    </ClInclude>
    <ClInclude Include="Colours.h">
      <Filter>Header Files\Utility</Filter>
    </ClInclude>
    <ClInclude Include="InputLayout.h">
      <Filter>Header Files\Bindables</Filter>
    </ClInclude>
  </ItemGroup>
  <ItemGroup>
    <FxCompile Include="PixelShader.hlsl">
      <Filter>Shader</Filter>
    </FxCompile>
    <FxCompile Include="VertexShader.hlsl">
      <Filter>Shader</Filter>
    </FxCompile>
  </ItemGroup>
</Project>